
Microsoft Visual Studio Solution File, Format Version 12.00
# Visual Studio Version 17
VisualStudioVersion = 17.8.34316.72
MinimumVisualStudioVersion = 10.0.40219.1
Project("{FAE04EC0-301F-11D3-BF4B-00C04F79EFBC}") = "QuizBoss_API", "QuizBoss_API.csproj", "{3D6460FB-B730-4731-BE88-45A6D25DB200}"
EndProject
Global
	GlobalSection(SolutionConfigurationPlatforms) = preSolution
		Debug|Any CPU = Debug|Any CPU
		Release|Any CPU = Release|Any CPU
	EndGlobalSection
	GlobalSection(ProjectConfigurationPlatforms) = postSolution
		{3D6460FB-B730-4731-BE88-45A6D25DB200}.Debug|Any CPU.ActiveCfg = Debug|Any CPU
		{3D6460FB-B730-4731-BE88-45A6D25DB200}.Debug|Any CPU.Build.0 = Debug|Any CPU
		{3D6460FB-B730-4731-BE88-45A6D25DB200}.Release|Any CPU.ActiveCfg = Release|Any CPU
		{3D6460FB-B730-4731-BE88-45A6D25DB200}.Release|Any CPU.Build.0 = Release|Any CPU
	EndGlobalSection
	GlobalSection(SolutionProperties) = preSolution
		HideSolutionNode = FALSE
	EndGlobalSection
	GlobalSection(ExtensibilityGlobals) = postSolution
		SolutionGuid = {BAFE3532-E4CA-4EAE-97B3-D81105E598F7}
	EndGlobalSection
EndGlobal
